
Microsoft Visual Studio Solution File, Format Version 12.00
# Visual Studio Version 17
VisualStudioVersion = 17.7.34221.43
MinimumVisualStudioVersion = 10.0.40219.1
Project("{8BC9CEB8-8B4A-11D0-8D11-00A0C91BC942}") = "Gugudan_game", "Gugudan_game.vcxproj", "{41357CE4-4B7B-4E15-9777-2A174D6FA6BF}"
EndProject
Global
	GlobalSection(SolutionConfigurationPlatforms) = preSolution
		Debug|x64 = Debug|x64
		Debug|x86 = Debug|x86
		Release|x64 = Release|x64
		Release|x86 = Release|x86
	EndGlobalSection
	GlobalSection(ProjectConfigurationPlatforms) = postSolution
		{41357CE4-4B7B-4E15-9777-2A174D6FA6BF}.Debug|x64.ActiveCfg = Debug|x64
		{41357CE4-4B7B-4E15-9777-2A174D6FA6BF}.Debug|x64.Build.0 = Debug|x64
		{41357CE4-4B7B-4E15-9777-2A174D6FA6BF}.Debug|x86.ActiveCfg = Debug|Win32
		{41357CE4-4B7B-4E15-9777-2A174D6FA6BF}.Debug|x86.Build.0 = Debug|Win32
		{41357CE4-4B7B-4E15-9777-2A174D6FA6BF}.Release|x64.ActiveCfg = Release|x64
		{41357CE4-4B7B-4E15-9777-2A174D6FA6BF}.Release|x64.Build.0 = Release|x64
		{41357CE4-4B7B-4E15-9777-2A174D6FA6BF}.Release|x86.ActiveCfg = Release|Win32
		{41357CE4-4B7B-4E15-9777-2A174D6FA6BF}.Release|x86.Build.0 = Release|Win32
	EndGlobalSection
	GlobalSection(SolutionProperties) = preSolution
		HideSolutionNode = FALSE
	EndGlobalSection
	GlobalSection(ExtensibilityGlobals) = postSolution
		SolutionGuid = {E8F87DB6-C186-411F-8F41-4C5DFFCADD1C}
	EndGlobalSection
EndGlobal
